{
  "requires": true,
  "lockfileVersion": 1,
  "dependencies": {
    "commander": {
      "version": "6.2.0",
      "resolved": "https://registry.npm.taobao.org/commander/download/commander-6.2.0.tgz",
      "integrity": "sha1-uZC/uKwDCu3G0RvATRSI/+9W23U="
    },
    "inherits": {
      "version": "1.0.2",
      "resolved": "https://registry.npm.taobao.org/inherits/download/inherits-1.0.2.tgz",
      "integrity": "sha1-ykMJ2t7mtUzAuNJH6NfHoJdb3Js="
    },
    "jquery": {
      "version": "3.5.1",
      "resolved": "https://registry.npm.taobao.org/jquery/download/jquery-3.5.1.tgz?cache=0&other_urls=https%3A%2F%2Fregistry.npm.taobao.org%2Fjquery%2Fdownload%2Fjquery-3.5.1.tgz",
      "integrity": "sha1-17TQjhv9uGrS8aPQOeoXMEcXq7U="
    },
    "mkee": {
      "version": "0.0.0",
      "resolved": "https://registry.npm.taobao.org/mkee/download/mkee-0.0.0.tgz",
      "integrity": "sha1-IUIE0+IqIJ3Rm5ChvP6At8K6Q2c=",
      "requires": {
        "inherits": "~1.0.0"
      }
    },
    "mockjs": {
      "version": "1.1.0",
      "resolved": "https://registry.npm.taobao.org/mockjs/download/mockjs-1.1.0.tgz",
      "integrity": "sha1-5qDDeOkZBtuv8gkRzAJzs8fXWwY=",
      "requires": {
        "commander": "*"
      }
    },
    "snatch": {
      "version": "0.0.0",
      "resolved": "https://registry.npm.taobao.org/snatch/download/snatch-0.0.0.tgz",
      "integrity": "sha1-NZWDCOv1J4ea01N81uc9f7znl6Y="
    }
  }
}
